// !$*UTF8*$!
{
	archiveVersion = 1;
	classes = {
	};
	objectVersion = 77;
	objects = {

/* Begin PBXBuildFile section */
		AA11BB22CC33DD44EE55FF66 /* PrivacyInfo.xcprivacy in Resources */ = {isa = PBXBuildFile; fileRef = FF66EE55DD44CC33BB22AA11 /* PrivacyInfo.xcprivacy */; };
		0121E7A778A5601EBA8CCD15 /* Highlight.swift in Sources */ = {isa = PBXBuildFile; fileRef = C79DFA3247AA03F7A64DC762 /* Highlight.swift */; };
		04F6FEA10A0D1DD91E0CD6FD /* StorePurchaseTests.swift in Sources */ = {isa = PBXBuildFile; fileRef = 82EF1BB1CEDAB8D36C409CA7 /* StorePurchaseTests.swift */; };
		0A47D8B97E1B8A752550EA0C /* ReadiumContext.swift in Sources */ = {isa = PBXBuildFile; fileRef = DFFF9A93266A355C62CAD77C /* ReadiumContext.swift */; };
		1A15004C16346F708E8E712D /* StatsView.swift in Sources */ = {isa = PBXBuildFile; fileRef = D61990AE4EAD8D2C81AC80E8 /* StatsView.swift */; };
		3047D842DBAB838B1DA2D686 /* StoreManager.swift in Sources */ = {isa = PBXBuildFile; fileRef = 74FEC4652079B406D32F67AD /* StoreManager.swift */; };
		34DD080615EA355B310ADC68 /* LibraryStore.swift in Sources */ = {isa = PBXBuildFile; fileRef = C9C01DCB88DDB194257061A8 /* LibraryStore.swift */; };
		360133DDF5985AD99BF4A4F5 /* Book.swift in Sources */ = {isa = PBXBuildFile; fileRef = 55A64A8F464ED20E4588B914 /* Book.swift */; };
		395FDD8E28BFA05480824ACA /* Assets.xcassets in Resources */ = {isa = PBXBuildFile; fileRef = DC576BF61FC0E6B89F918E89 /* Assets.xcassets */; };
		698A2BF24A170CD35B14B274 /* InkwellApp.swift in Sources */ = {isa = PBXBuildFile; fileRef = 02E4B6E8AE2C336AEDFEDBFB /* InkwellApp.swift */; };
		75243D76F2FACBC83390DCF9 /* ReviewRequester.swift in Sources */ = {isa = PBXBuildFile; fileRef = 6F1465CD313593A7B1F5E190 /* ReviewRequester.swift */; };
		7B24A3C4807BADEAC18B9720 /* ReadiumNavigator in Frameworks */ = {isa = PBXBuildFile; productRef = E0E76CF82A47B15F1EFD5332 /* ReadiumNavigator */; };
		7B348478FD5421439759A324 /* AppearanceStore.swift in Sources */ = {isa = PBXBuildFile; fileRef = 8E51CFEF70D104A3CDC04B79 /* AppearanceStore.swift */; };
		885BC9CC5C8A48D4A7AC4799 /* StatsStoreTests.swift in Sources */ = {isa = PBXBuildFile; fileRef = C09754C48F4001FA03EFB97A /* StatsStoreTests.swift */; };
		902B002C5D910B73C9B41652 /* HighlightStoreTests.swift in Sources */ = {isa = PBXBuildFile; fileRef = ABE697D651677D282980C7AA /* HighlightStoreTests.swift */; };
		97BFD826FDE42287AA2DE6F5 /* ReadiumShared in Frameworks */ = {isa = PBXBuildFile; productRef = AB4A0C23DE59289EB068EFFE /* ReadiumShared */; };
		A40B47A89B40E6E9A123E19B /* ReaderScreen.swift in Sources */ = {isa = PBXBuildFile; fileRef = E0A3B41ED0E31CFFAF28DAB7 /* ReaderScreen.swift */; };
		A58E2F826CE765373D260FAF /* ReadiumStreamer in Frameworks */ = {isa = PBXBuildFile; productRef = 7EDE0B31B5D2CD79BC072A29 /* ReadiumStreamer */; };
		B05E0492E878B9E3E9BE3690 /* PaywallView.swift in Sources */ = {isa = PBXBuildFile; fileRef = 75F00B55B730599AFB881896 /* PaywallView.swift */; };
		B576015EF47E1E4021562860 /* ReadiumShared in Frameworks */ = {isa = PBXBuildFile; productRef = E256CFB587E0752FE5359C8F /* ReadiumShared */; };
		BC74287C5964826DA96F6026 /* Inkwell.storekit in Resources */ = {isa = PBXBuildFile; fileRef = 55351BB145ECA98AD7A1B82E /* Inkwell.storekit */; };
		C9B7489E711D07C94C4E4FD4 /* ReaderView.swift in Sources */ = {isa = PBXBuildFile; fileRef = B94DAD4E01F7765FBEC117E7 /* ReaderView.swift */; };
		CC648FEC557B486C959B5553 /* StoreManagerTests.swift in Sources */ = {isa = PBXBuildFile; fileRef = 7C02E5C2A47C859473CBF56D /* StoreManagerTests.swift */; };
		D0CA990F026EEDE8DE7626CD /* SearchSheet.swift in Sources */ = {isa = PBXBuildFile; fileRef = DF2BB9401046C30A6D2130F0 /* SearchSheet.swift */; };
		D44514729F897AB8B63F5973 /* HighlightStore.swift in Sources */ = {isa = PBXBuildFile; fileRef = B140FE56D3E2B3C9F07D0250 /* HighlightStore.swift */; };
		D59FD4FFC23C1EFFDD2A2EBC /* StatsStore.swift in Sources */ = {isa = PBXBuildFile; fileRef = BAC5403A01A72F0CDED402DA /* StatsStore.swift */; };
		F74D05E77022F94D16885701 /* LibraryView.swift in Sources */ = {isa = PBXBuildFile; fileRef = 925A2A78DBBD0A77BACFE447 /* LibraryView.swift */; };
		F8CF2204F8EF315B9C9D3D1A /* sample-peter-pan.epub in Resources */ = {isa = PBXBuildFile; fileRef = A4D8D6419353E2B7C8C2926D /* sample-peter-pan.epub */; };
/* End PBXBuildFile section */

/* Begin PBXContainerItemProxy section */
		57A8BC3F02876E3BEDCFFDDB /* PBXContainerItemProxy */ = {
			isa = PBXContainerItemProxy;
			containerPortal = D94428674BB0F9B3CF935623 /* Project object */;
			proxyType = 1;
			remoteGlobalIDString = 43FA894527ECF67699BDD019;
			remoteInfo = Inkwell;
		};
/* End PBXContainerItemProxy section */

/* Begin PBXFileReference section */
		FF66EE55DD44CC33BB22AA11 /* PrivacyInfo.xcprivacy */ = {isa = PBXFileReference; lastKnownFileType = text.xml; path = PrivacyInfo.xcprivacy; sourceTree = "<group>"; };
		02E4B6E8AE2C336AEDFEDBFB /* InkwellApp.swift */ = {isa = PBXFileReference; lastKnownFileType = sourcecode.swift; path = InkwellApp.swift; sourceTree = "<group>"; };
		26A5A86D94E2F0B6EBA77B76 /* Inkwell.app */ = {isa = PBXFileReference; includeInIndex = 0; lastKnownFileType = wrapper.application; path = Inkwell.app; sourceTree = BUILT_PRODUCTS_DIR; };
		55351BB145ECA98AD7A1B82E /* Inkwell.storekit */ = {isa = PBXFileReference; path = Inkwell.storekit; sourceTree = "<group>"; };
		55A64A8F464ED20E4588B914 /* Book.swift */ = {isa = PBXFileReference; lastKnownFileType = sourcecode.swift; path = Book.swift; sourceTree = "<group>"; };
		6EFFA9A253D22B75CDD20234 /* InkwellTests.xctest */ = {isa = PBXFileReference; includeInIndex = 0; lastKnownFileType = wrapper.cfbundle; path = InkwellTests.xctest; sourceTree = BUILT_PRODUCTS_DIR; };
		6F1465CD313593A7B1F5E190 /* ReviewRequester.swift */ = {isa = PBXFileReference; lastKnownFileType = sourcecode.swift; path = ReviewRequester.swift; sourceTree = "<group>"; };
		74FEC4652079B406D32F67AD /* StoreManager.swift */ = {isa = PBXFileReference; lastKnownFileType = sourcecode.swift; path = StoreManager.swift; sourceTree = "<group>"; };
		75F00B55B730599AFB881896 /* PaywallView.swift */ = {isa = PBXFileReference; lastKnownFileType = sourcecode.swift; path = PaywallView.swift; sourceTree = "<group>"; };
		7C02E5C2A47C859473CBF56D /* StoreManagerTests.swift */ = {isa = PBXFileReference; lastKnownFileType = sourcecode.swift; path = StoreManagerTests.swift; sourceTree = "<group>"; };
		82EF1BB1CEDAB8D36C409CA7 /* StorePurchaseTests.swift */ = {isa = PBXFileReference; lastKnownFileType = sourcecode.swift; path = StorePurchaseTests.swift; sourceTree = "<group>"; };
		8E51CFEF70D104A3CDC04B79 /* AppearanceStore.swift */ = {isa = PBXFileReference; lastKnownFileType = sourcecode.swift; path = AppearanceStore.swift; sourceTree = "<group>"; };
		925A2A78DBBD0A77BACFE447 /* LibraryView.swift */ = {isa = PBXFileReference; lastKnownFileType = sourcecode.swift; path = LibraryView.swift; sourceTree = "<group>"; };
		A4D8D6419353E2B7C8C2926D /* sample-peter-pan.epub */ = {isa = PBXFileReference; path = "sample-peter-pan.epub"; sourceTree = "<group>"; };
		ABE697D651677D282980C7AA /* HighlightStoreTests.swift */ = {isa = PBXFileReference; lastKnownFileType = sourcecode.swift; path = HighlightStoreTests.swift; sourceTree = "<group>"; };
		B140FE56D3E2B3C9F07D0250 /* HighlightStore.swift */ = {isa = PBXFileReference; lastKnownFileType = sourcecode.swift; path = HighlightStore.swift; sourceTree = "<group>"; };
		B94DAD4E01F7765FBEC117E7 /* ReaderView.swift */ = {isa = PBXFileReference; lastKnownFileType = sourcecode.swift; path = ReaderView.swift; sourceTree = "<group>"; };
		BAC5403A01A72F0CDED402DA /* StatsStore.swift */ = {isa = PBXFileReference; lastKnownFileType = sourcecode.swift; path = StatsStore.swift; sourceTree = "<group>"; };
		C09754C48F4001FA03EFB97A /* StatsStoreTests.swift */ = {isa = PBXFileReference; lastKnownFileType = sourcecode.swift; path = StatsStoreTests.swift; sourceTree = "<group>"; };
		C79DFA3247AA03F7A64DC762 /* Highlight.swift */ = {isa = PBXFileReference; lastKnownFileType = sourcecode.swift; path = Highlight.swift; sourceTree = "<group>"; };
		C9C01DCB88DDB194257061A8 /* LibraryStore.swift */ = {isa = PBXFileReference; lastKnownFileType = sourcecode.swift; path = LibraryStore.swift; sourceTree = "<group>"; };
		D61990AE4EAD8D2C81AC80E8 /* StatsView.swift */ = {isa = PBXFileReference; lastKnownFileType = sourcecode.swift; path = StatsView.swift; sourceTree = "<group>"; };
		DC576BF61FC0E6B89F918E89 /* Assets.xcassets */ = {isa = PBXFileReference; lastKnownFileType = folder.assetcatalog; path = Assets.xcassets; sourceTree = "<group>"; };
		DF2BB9401046C30A6D2130F0 /* SearchSheet.swift */ = {isa = PBXFileReference; lastKnownFileType = sourcecode.swift; path = SearchSheet.swift; sourceTree = "<group>"; };
		DFFF9A93266A355C62CAD77C /* ReadiumContext.swift */ = {isa = PBXFileReference; lastKnownFileType = sourcecode.swift; path = ReadiumContext.swift; sourceTree = "<group>"; };
		E0A3B41ED0E31CFFAF28DAB7 /* ReaderScreen.swift */ = {isa = PBXFileReference; lastKnownFileType = sourcecode.swift; path = ReaderScreen.swift; sourceTree = "<group>"; };
/* End PBXFileReference section */

/* Begin PBXFrameworksBuildPhase section */
		57D19EE53BCAB8141C1F7902 /* Frameworks */ = {
			isa = PBXFrameworksBuildPhase;
			buildActionMask = 2147483647;
			files = (
				B576015EF47E1E4021562860 /* ReadiumShared in Frameworks */,
			);
			runOnlyForDeploymentPostprocessing = 0;
		};
		AE4F6E6CD460B0620E038941 /* Frameworks */ = {
			isa = PBXFrameworksBuildPhase;
			buildActionMask = 2147483647;
			files = (
				97BFD826FDE42287AA2DE6F5 /* ReadiumShared in Frameworks */,
				A58E2F826CE765373D260FAF /* ReadiumStreamer in Frameworks */,
				7B24A3C4807BADEAC18B9720 /* ReadiumNavigator in Frameworks */,
			);
			runOnlyForDeploymentPostprocessing = 0;
		};
/* End PBXFrameworksBuildPhase section */

/* Begin PBXGroup section */
		18732601985C9245DC3D64CA = {
			isa = PBXGroup;
			children = (
				55351BB145ECA98AD7A1B82E /* Inkwell.storekit */,
				8C6B2B097136D0093C67D6C1 /* Resources */,
				AC685A4048C7199AEA78FC45 /* Sources */,
				94B578E9D9BE4DEB3192B4FE /* Tests */,
				C63BBB90BC918F1125C5ED9D /* Products */,
			);
			sourceTree = "<group>";
		};
		8C6B2B097136D0093C67D6C1 /* Resources */ = {
			isa = PBXGroup;
			children = (
				A4D8D6419353E2B7C8C2926D /* sample-peter-pan.epub */,
			);
			path = Resources;
			sourceTree = "<group>";
		};
		94B578E9D9BE4DEB3192B4FE /* Tests */ = {
			isa = PBXGroup;
			children = (
				ABE697D651677D282980C7AA /* HighlightStoreTests.swift */,
				C09754C48F4001FA03EFB97A /* StatsStoreTests.swift */,
				7C02E5C2A47C859473CBF56D /* StoreManagerTests.swift */,
				82EF1BB1CEDAB8D36C409CA7 /* StorePurchaseTests.swift */,
			);
			path = Tests;
			sourceTree = "<group>";
		};
		AC685A4048C7199AEA78FC45 /* Sources */ = {
			isa = PBXGroup;
			children = (
				8E51CFEF70D104A3CDC04B79 /* AppearanceStore.swift */,
				DC576BF61FC0E6B89F918E89 /* Assets.xcassets */,
				55A64A8F464ED20E4588B914 /* Book.swift */,
				C79DFA3247AA03F7A64DC762 /* Highlight.swift */,
				B140FE56D3E2B3C9F07D0250 /* HighlightStore.swift */,
				02E4B6E8AE2C336AEDFEDBFB /* InkwellApp.swift */,
				C9C01DCB88DDB194257061A8 /* LibraryStore.swift */,
				925A2A78DBBD0A77BACFE447 /* LibraryView.swift */,
				75F00B55B730599AFB881896 /* PaywallView.swift */,
				E0A3B41ED0E31CFFAF28DAB7 /* ReaderScreen.swift */,
				B94DAD4E01F7765FBEC117E7 /* ReaderView.swift */,
				DFFF9A93266A355C62CAD77C /* ReadiumContext.swift */,
				6F1465CD313593A7B1F5E190 /* ReviewRequester.swift */,
				DF2BB9401046C30A6D2130F0 /* SearchSheet.swift */,
				BAC5403A01A72F0CDED402DA /* StatsStore.swift */,
				D61990AE4EAD8D2C81AC80E8 /* StatsView.swift */,
				74FEC4652079B406D32F67AD /* StoreManager.swift */,
				FF66EE55DD44CC33BB22AA11 /* PrivacyInfo.xcprivacy */,
			);
			name = Sources;
			path = Sources;
			sourceTree = "<group>";
		};
		C63BBB90BC918F1125C5ED9D /* Products */ = {
			isa = PBXGroup;
			children = (
				26A5A86D94E2F0B6EBA77B76 /* Inkwell.app */,
				6EFFA9A253D22B75CDD20234 /* InkwellTests.xctest */,
			);
			name = Products;
			sourceTree = "<group>";
		};
/* End PBXGroup section */

/* Begin PBXNativeTarget section */
		43FA894527ECF67699BDD019 /* Inkwell */ = {
			isa = PBXNativeTarget;
			buildConfigurationList = FADFE3B9E0F76BDEA1042D11 /* Build configuration list for PBXNativeTarget "Inkwell" */;
			buildPhases = (
				1FDBE47A6BC23ED85FC17DEA /* Sources */,
				7FD03C216336B01C0CFBB0A2 /* Resources */,
				AE4F6E6CD460B0620E038941 /* Frameworks */,
			);
			buildRules = (
			);
			dependencies = (
			);
			name = Inkwell;
			packageProductDependencies = (
				AB4A0C23DE59289EB068EFFE /* ReadiumShared */,
				7EDE0B31B5D2CD79BC072A29 /* ReadiumStreamer */,
				E0E76CF82A47B15F1EFD5332 /* ReadiumNavigator */,
			);
			productName = Inkwell;
			productReference = 26A5A86D94E2F0B6EBA77B76 /* Inkwell.app */;
			productType = "com.apple.product-type.application";
		};
		CC63611B660A1269957AAEAC /* InkwellTests */ = {
			isa = PBXNativeTarget;
			buildConfigurationList = 4723A17EF7D13DC6CA36238F /* Build configuration list for PBXNativeTarget "InkwellTests" */;
			buildPhases = (
				F950695380463B07AC3A83E9 /* Sources */,
				82ED97652C5A29AAFD2ACA08 /* Resources */,
				57D19EE53BCAB8141C1F7902 /* Frameworks */,
			);
			buildRules = (
			);
			dependencies = (
				DE3EAEE13769DAC807838A49 /* PBXTargetDependency */,
			);
			name = InkwellTests;
			packageProductDependencies = (
				E256CFB587E0752FE5359C8F /* ReadiumShared */,
			);
			productName = InkwellTests;
			productReference = 6EFFA9A253D22B75CDD20234 /* InkwellTests.xctest */;
			productType = "com.apple.product-type.bundle.unit-test";
		};
/* End PBXNativeTarget section */

/* Begin PBXProject section */
		D94428674BB0F9B3CF935623 /* Project object */ = {
			isa = PBXProject;
			attributes = {
				BuildIndependentTargetsInParallel = YES;
				LastUpgradeCheck = 1430;
				TargetAttributes = {
					43FA894527ECF67699BDD019 = {
						DevelopmentTeam = 3PC87Z3WVT;
						ProvisioningStyle = Automatic;
					};
					CC63611B660A1269957AAEAC = {
						DevelopmentTeam = 3PC87Z3WVT;
						ProvisioningStyle = Automatic;
					};
				};
			};
			buildConfigurationList = 82E3D81AB1F977EAA4AE5679 /* Build configuration list for PBXProject "Inkwell" */;
			developmentRegion = en;
			hasScannedForEncodings = 0;
			knownRegions = (
				Base,
				en,
			);
			mainGroup = 18732601985C9245DC3D64CA;
			minimizedProjectReferenceProxies = 1;
			packageReferences = (
				F8D9E3CC1F4E48C302FDF322 /* XCRemoteSwiftPackageReference "swift-toolkit" */,
			);
			preferredProjectObjectVersion = 77;
			productRefGroup = C63BBB90BC918F1125C5ED9D /* Products */;
			projectDirPath = "";
			projectRoot = "";
			targets = (
				43FA894527ECF67699BDD019 /* Inkwell */,
				CC63611B660A1269957AAEAC /* InkwellTests */,
			);
		};
/* End PBXProject section */

/* Begin PBXResourcesBuildPhase section */
		7FD03C216336B01C0CFBB0A2 /* Resources */ = {
			isa = PBXResourcesBuildPhase;
			buildActionMask = 2147483647;
			files = (
				395FDD8E28BFA05480824ACA /* Assets.xcassets in Resources */,
				F8CF2204F8EF315B9C9D3D1A /* sample-peter-pan.epub in Resources */,
				AA11BB22CC33DD44EE55FF66 /* PrivacyInfo.xcprivacy in Resources */,
			);
			runOnlyForDeploymentPostprocessing = 0;
		};
		82ED97652C5A29AAFD2ACA08 /* Resources */ = {
			isa = PBXResourcesBuildPhase;
			buildActionMask = 2147483647;
			files = (
				BC74287C5964826DA96F6026 /* Inkwell.storekit in Resources */,
			);
			runOnlyForDeploymentPostprocessing = 0;
		};
/* End PBXResourcesBuildPhase section */

/* Begin PBXSourcesBuildPhase section */
		1FDBE47A6BC23ED85FC17DEA /* Sources */ = {
			isa = PBXSourcesBuildPhase;
			buildActionMask = 2147483647;
			files = (
				7B348478FD5421439759A324 /* AppearanceStore.swift in Sources */,
				360133DDF5985AD99BF4A4F5 /* Book.swift in Sources */,
				0121E7A778A5601EBA8CCD15 /* Highlight.swift in Sources */,
				D44514729F897AB8B63F5973 /* HighlightStore.swift in Sources */,
				698A2BF24A170CD35B14B274 /* InkwellApp.swift in Sources */,
				34DD080615EA355B310ADC68 /* LibraryStore.swift in Sources */,
				F74D05E77022F94D16885701 /* LibraryView.swift in Sources */,
				B05E0492E878B9E3E9BE3690 /* PaywallView.swift in Sources */,
				A40B47A89B40E6E9A123E19B /* ReaderScreen.swift in Sources */,
				C9B7489E711D07C94C4E4FD4 /* ReaderView.swift in Sources */,
				0A47D8B97E1B8A752550EA0C /* ReadiumContext.swift in Sources */,
				75243D76F2FACBC83390DCF9 /* ReviewRequester.swift in Sources */,
				D0CA990F026EEDE8DE7626CD /* SearchSheet.swift in Sources */,
				D59FD4FFC23C1EFFDD2A2EBC /* StatsStore.swift in Sources */,
				1A15004C16346F708E8E712D /* StatsView.swift in Sources */,
				3047D842DBAB838B1DA2D686 /* StoreManager.swift in Sources */,
			);
			runOnlyForDeploymentPostprocessing = 0;
		};
		F950695380463B07AC3A83E9 /* Sources */ = {
			isa = PBXSourcesBuildPhase;
			buildActionMask = 2147483647;
			files = (
				902B002C5D910B73C9B41652 /* HighlightStoreTests.swift in Sources */,
				885BC9CC5C8A48D4A7AC4799 /* StatsStoreTests.swift in Sources */,
				CC648FEC557B486C959B5553 /* StoreManagerTests.swift in Sources */,
				04F6FEA10A0D1DD91E0CD6FD /* StorePurchaseTests.swift in Sources */,
			);
			runOnlyForDeploymentPostprocessing = 0;
		};
/* End PBXSourcesBuildPhase section */

/* Begin PBXTargetDependency section */
		DE3EAEE13769DAC807838A49 /* PBXTargetDependency */ = {
			isa = PBXTargetDependency;
			target = 43FA894527ECF67699BDD019 /* Inkwell */;
			targetProxy = 57A8BC3F02876E3BEDCFFDDB /* PBXContainerItemProxy */;
		};
/* End PBXTargetDependency section */

/* Begin XCBuildConfiguration section */
		123AF36FD18F22466CD3D2E8 /* Debug */ = {
			isa = XCBuildConfiguration;
			buildSettings = {
				BUNDLE_LOADER = "$(TEST_HOST)";
				GENERATE_INFOPLIST_FILE = YES;
				LD_RUNPATH_SEARCH_PATHS = (
					"$(inherited)",
					"@executable_path/Frameworks",
					"@loader_path/Frameworks",
				);
				PRODUCT_BUNDLE_IDENTIFIER = com.atani.inkwellTests;
				SDKROOT = iphoneos;
				TARGETED_DEVICE_FAMILY = "1,2";
				TEST_HOST = "$(BUILT_PRODUCTS_DIR)/Inkwell.app/Inkwell";
			};
			name = Debug;
		};
		30DA9E507951DCD6598FCAA9 /* Release */ = {
			isa = XCBuildConfiguration;
			buildSettings = {
				BUNDLE_LOADER = "$(TEST_HOST)";
				GENERATE_INFOPLIST_FILE = YES;
				LD_RUNPATH_SEARCH_PATHS = (
					"$(inherited)",
					"@executable_path/Frameworks",
					"@loader_path/Frameworks",
				);
				PRODUCT_BUNDLE_IDENTIFIER = com.atani.inkwellTests;
				SDKROOT = iphoneos;
				TARGETED_DEVICE_FAMILY = "1,2";
				TEST_HOST = "$(BUILT_PRODUCTS_DIR)/Inkwell.app/Inkwell";
			};
			name = Release;
		};
		4C2E9709DCDA9F77A1239BE7 /* Debug */ = {
			isa = XCBuildConfiguration;
			buildSettings = {
				ALWAYS_SEARCH_USER_PATHS = NO;
				CLANG_ANALYZER_NONNULL = YES;
				CLANG_ANALYZER_NUMBER_OBJECT_CONVERSION = YES_AGGRESSIVE;
				CLANG_CXX_LANGUAGE_STANDARD = "gnu++14";
				CLANG_CXX_LIBRARY = "libc++";
				CLANG_ENABLE_MODULES = YES;
				CLANG_ENABLE_OBJC_ARC = YES;
				CLANG_ENABLE_OBJC_WEAK = YES;
				CLANG_WARN_BLOCK_CAPTURE_AUTORELEASING = YES;
				CLANG_WARN_BOOL_CONVERSION = YES;
				CLANG_WARN_COMMA = YES;
				CLANG_WARN_CONSTANT_CONVERSION = YES;
				CLANG_WARN_DEPRECATED_OBJC_IMPLEMENTATIONS = YES;
				CLANG_WARN_DIRECT_OBJC_ISA_USAGE = YES_ERROR;
				CLANG_WARN_DOCUMENTATION_COMMENTS = YES;
				CLANG_WARN_EMPTY_BODY = YES;
				CLANG_WARN_ENUM_CONVERSION = YES;
				CLANG_WARN_INFINITE_RECURSION = YES;
				CLANG_WARN_INT_CONVERSION = YES;
				CLANG_WARN_NON_LITERAL_NULL_CONVERSION = YES;
				CLANG_WARN_OBJC_IMPLICIT_RETAIN_SELF = YES;
				CLANG_WARN_OBJC_LITERAL_CONVERSION = YES;
				CLANG_WARN_OBJC_ROOT_CLASS = YES_ERROR;
				CLANG_WARN_QUOTED_INCLUDE_IN_FRAMEWORK_HEADER = YES;
				CLANG_WARN_RANGE_LOOP_ANALYSIS = YES;
				CLANG_WARN_STRICT_PROTOTYPES = YES;
				CLANG_WARN_SUSPICIOUS_MOVE = YES;
				CLANG_WARN_UNGUARDED_AVAILABILITY = YES_AGGRESSIVE;
				CLANG_WARN_UNREACHABLE_CODE = YES;
				CLANG_WARN__DUPLICATE_METHOD_MATCH = YES;
				CODE_SIGN_STYLE = Automatic;
				COPY_PHASE_STRIP = NO;
				DEBUG_INFORMATION_FORMAT = dwarf;
				DEVELOPMENT_TEAM = 3PC87Z3WVT;
				ENABLE_STRICT_OBJC_MSGSEND = YES;
				ENABLE_TESTABILITY = YES;
				ENABLE_USER_SCRIPT_SANDBOXING = NO;
				GCC_C_LANGUAGE_STANDARD = gnu11;
				GCC_DYNAMIC_NO_PIC = NO;
				GCC_NO_COMMON_BLOCKS = YES;
				GCC_OPTIMIZATION_LEVEL = 0;
				GCC_PREPROCESSOR_DEFINITIONS = (
					"$(inherited)",
					"DEBUG=1",
				);
				GCC_WARN_64_TO_32_BIT_CONVERSION = YES;
				GCC_WARN_ABOUT_RETURN_TYPE = YES_ERROR;
				GCC_WARN_UNDECLARED_SELECTOR = YES;
				GCC_WARN_UNINITIALIZED_AUTOS = YES_AGGRESSIVE;
				GCC_WARN_UNUSED_FUNCTION = YES;
				GCC_WARN_UNUSED_VARIABLE = YES;
				IPHONEOS_DEPLOYMENT_TARGET = 17.0;
				MTL_ENABLE_DEBUG_INFO = INCLUDE_SOURCE;
				MTL_FAST_MATH = YES;
				ONLY_ACTIVE_ARCH = YES;
				PRODUCT_NAME = "$(TARGET_NAME)";
				SDKROOT = iphoneos;
				SWIFT_ACTIVE_COMPILATION_CONDITIONS = DEBUG;
				SWIFT_OPTIMIZATION_LEVEL = "-Onone";
				SWIFT_VERSION = 5.9;
				TARGETED_DEVICE_FAMILY = "1,2";
			};
			name = Debug;
		};
		856B1F6CED97DA85FC803DF8 /* Release */ = {
			isa = XCBuildConfiguration;
			buildSettings = {
				ALWAYS_SEARCH_USER_PATHS = NO;
				CLANG_ANALYZER_NONNULL = YES;
				CLANG_ANALYZER_NUMBER_OBJECT_CONVERSION = YES_AGGRESSIVE;
				CLANG_CXX_LANGUAGE_STANDARD = "gnu++14";
				CLANG_CXX_LIBRARY = "libc++";
				CLANG_ENABLE_MODULES = YES;
				CLANG_ENABLE_OBJC_ARC = YES;
				CLANG_ENABLE_OBJC_WEAK = YES;
				CLANG_WARN_BLOCK_CAPTURE_AUTORELEASING = YES;
				CLANG_WARN_BOOL_CONVERSION = YES;
				CLANG_WARN_COMMA = YES;
				CLANG_WARN_CONSTANT_CONVERSION = YES;
				CLANG_WARN_DEPRECATED_OBJC_IMPLEMENTATIONS = YES;
				CLANG_WARN_DIRECT_OBJC_ISA_USAGE = YES_ERROR;
				CLANG_WARN_DOCUMENTATION_COMMENTS = YES;
				CLANG_WARN_EMPTY_BODY = YES;
				CLANG_WARN_ENUM_CONVERSION = YES;
				CLANG_WARN_INFINITE_RECURSION = YES;
				CLANG_WARN_INT_CONVERSION = YES;
				CLANG_WARN_NON_LITERAL_NULL_CONVERSION = YES;
				CLANG_WARN_OBJC_IMPLICIT_RETAIN_SELF = YES;
				CLANG_WARN_OBJC_LITERAL_CONVERSION = YES;
				CLANG_WARN_OBJC_ROOT_CLASS = YES_ERROR;
				CLANG_WARN_QUOTED_INCLUDE_IN_FRAMEWORK_HEADER = YES;
				CLANG_WARN_RANGE_LOOP_ANALYSIS = YES;
				CLANG_WARN_STRICT_PROTOTYPES = YES;
				CLANG_WARN_SUSPICIOUS_MOVE = YES;
				CLANG_WARN_UNGUARDED_AVAILABILITY = YES_AGGRESSIVE;
				CLANG_WARN_UNREACHABLE_CODE = YES;
				CLANG_WARN__DUPLICATE_METHOD_MATCH = YES;
				CODE_SIGN_STYLE = Automatic;
				COPY_PHASE_STRIP = NO;
				DEBUG_INFORMATION_FORMAT = "dwarf-with-dsym";
				DEVELOPMENT_TEAM = 3PC87Z3WVT;
				ENABLE_NS_ASSERTIONS = NO;
				ENABLE_STRICT_OBJC_MSGSEND = YES;
				ENABLE_USER_SCRIPT_SANDBOXING = NO;
				GCC_C_LANGUAGE_STANDARD = gnu11;
				GCC_NO_COMMON_BLOCKS = YES;
				GCC_WARN_64_TO_32_BIT_CONVERSION = YES;
				GCC_WARN_ABOUT_RETURN_TYPE = YES_ERROR;
				GCC_WARN_UNDECLARED_SELECTOR = YES;
				GCC_WARN_UNINITIALIZED_AUTOS = YES_AGGRESSIVE;
				GCC_WARN_UNUSED_FUNCTION = YES;
				GCC_WARN_UNUSED_VARIABLE = YES;
				IPHONEOS_DEPLOYMENT_TARGET = 17.0;
				MTL_ENABLE_DEBUG_INFO = NO;
				MTL_FAST_MATH = YES;
				PRODUCT_NAME = "$(TARGET_NAME)";
				SDKROOT = iphoneos;
				SWIFT_COMPILATION_MODE = wholemodule;
				SWIFT_OPTIMIZATION_LEVEL = "-O";
				SWIFT_VERSION = 5.9;
				TARGETED_DEVICE_FAMILY = "1,2";
			};
			name = Release;
		};
		9E1DFFD8FA2FE2694BE37F81 /* Debug */ = {
			isa = XCBuildConfiguration;
			buildSettings = {
				ASSETCATALOG_COMPILER_APPICON_NAME = AppIcon;
				CODE_SIGN_IDENTITY = "iPhone Developer";
				CURRENT_PROJECT_VERSION = 4;
				INFOPLIST_FILE = Info.plist;
				INFOPLIST_KEY_UIApplicationSceneManifest_Generation = YES;
				INFOPLIST_KEY_UILaunchScreen_Generation = YES;
				LD_RUNPATH_SEARCH_PATHS = (
					"$(inherited)",
					"@executable_path/Frameworks",
				);
				MARKETING_VERSION = 1.0;
				PRODUCT_BUNDLE_IDENTIFIER = com.atani.inkwell;
				SDKROOT = iphoneos;
				TARGETED_DEVICE_FAMILY = "1,2";
			};
			name = Debug;
		};
		BD74D0761D34293F6A1D1140 /* Release */ = {
			isa = XCBuildConfiguration;
			buildSettings = {
				ASSETCATALOG_COMPILER_APPICON_NAME = AppIcon;
				CODE_SIGN_IDENTITY = "iPhone Developer";
				CURRENT_PROJECT_VERSION = 4;
				INFOPLIST_FILE = Info.plist;
				INFOPLIST_KEY_UIApplicationSceneManifest_Generation = YES;
				INFOPLIST_KEY_UILaunchScreen_Generation = YES;
				LD_RUNPATH_SEARCH_PATHS = (
					"$(inherited)",
					"@executable_path/Frameworks",
				);
				MARKETING_VERSION = 1.0;
				PRODUCT_BUNDLE_IDENTIFIER = com.atani.inkwell;
				SDKROOT = iphoneos;
				TARGETED_DEVICE_FAMILY = "1,2";
			};
			name = Release;
		};
/* End XCBuildConfiguration section */

/* Begin XCConfigurationList section */
		4723A17EF7D13DC6CA36238F /* Build configuration list for PBXNativeTarget "InkwellTests" */ = {
			isa = XCConfigurationList;
			buildConfigurations = (
				123AF36FD18F22466CD3D2E8 /* Debug */,
				30DA9E507951DCD6598FCAA9 /* Release */,
			);
			defaultConfigurationIsVisible = 0;
			defaultConfigurationName = Debug;
		};
		82E3D81AB1F977EAA4AE5679 /* Build configuration list for PBXProject "Inkwell" */ = {
			isa = XCConfigurationList;
			buildConfigurations = (
				4C2E9709DCDA9F77A1239BE7 /* Debug */,
				856B1F6CED97DA85FC803DF8 /* Release */,
			);
			defaultConfigurationIsVisible = 0;
			defaultConfigurationName = Debug;
		};
		FADFE3B9E0F76BDEA1042D11 /* Build configuration list for PBXNativeTarget "Inkwell" */ = {
			isa = XCConfigurationList;
			buildConfigurations = (
				9E1DFFD8FA2FE2694BE37F81 /* Debug */,
				BD74D0761D34293F6A1D1140 /* Release */,
			);
			defaultConfigurationIsVisible = 0;
			defaultConfigurationName = Debug;
		};
/* End XCConfigurationList section */

/* Begin XCRemoteSwiftPackageReference section */
		F8D9E3CC1F4E48C302FDF322 /* XCRemoteSwiftPackageReference "swift-toolkit" */ = {
			isa = XCRemoteSwiftPackageReference;
			repositoryURL = "https://github.com/readium/swift-toolkit.git";
			requirement = {
				kind = upToNextMajorVersion;
				minimumVersion = 3.0.0;
			};
		};
/* End XCRemoteSwiftPackageReference section */

/* Begin XCSwiftPackageProductDependency section */
		7EDE0B31B5D2CD79BC072A29 /* ReadiumStreamer */ = {
			isa = XCSwiftPackageProductDependency;
			package = F8D9E3CC1F4E48C302FDF322 /* XCRemoteSwiftPackageReference "swift-toolkit" */;
			productName = ReadiumStreamer;
		};
		AB4A0C23DE59289EB068EFFE /* ReadiumShared */ = {
			isa = XCSwiftPackageProductDependency;
			package = F8D9E3CC1F4E48C302FDF322 /* XCRemoteSwiftPackageReference "swift-toolkit" */;
			productName = ReadiumShared;
		};
		E0E76CF82A47B15F1EFD5332 /* ReadiumNavigator */ = {
			isa = XCSwiftPackageProductDependency;
			package = F8D9E3CC1F4E48C302FDF322 /* XCRemoteSwiftPackageReference "swift-toolkit" */;
			productName = ReadiumNavigator;
		};
		E256CFB587E0752FE5359C8F /* ReadiumShared */ = {
			isa = XCSwiftPackageProductDependency;
			package = F8D9E3CC1F4E48C302FDF322 /* XCRemoteSwiftPackageReference "swift-toolkit" */;
			productName = ReadiumShared;
		};
/* End XCSwiftPackageProductDependency section */
	};
	rootObject = D94428674BB0F9B3CF935623 /* Project object */;
}
