// !$*UTF8*$!
{
	archiveVersion = 1;
	classes = {
	};
	objectVersion = 77;
	objects = {

/* Begin PBXBuildFile section */
		017756EBC9047F48F843C415 /* LibraryStore.swift in Sources */ = {isa = PBXBuildFile; fileRef = 7BF5D8569E17C432EC8251A1 /* LibraryStore.swift */; };
		2082825CE7ABA16C8F5DF95E /* ReadiumStreamer in Frameworks */ = {isa = PBXBuildFile; productRef = E76C3960B2359294AE5545B5 /* ReadiumStreamer */; };
		354653E0D96EDDC2FA72E83D /* EPUBReaderSpikeApp.swift in Sources */ = {isa = PBXBuildFile; fileRef = 3D2EE784863C448AB586D2B1 /* EPUBReaderSpikeApp.swift */; };
		3A37BB7C8F2AF982BD5E257F /* AppearanceStore.swift in Sources */ = {isa = PBXBuildFile; fileRef = 2ED0CC09A8DB1EB43C1D88B0 /* AppearanceStore.swift */; };
		4899EDC2DFBBC2C091468D8D /* ReadiumContext.swift in Sources */ = {isa = PBXBuildFile; fileRef = 50645412A08DA1DC8A251D3C /* ReadiumContext.swift */; };
		71402E0BF7E131FC6FA3B687 /* ReadiumShared in Frameworks */ = {isa = PBXBuildFile; productRef = 6CD8F3588D9AE1FF567BF83F /* ReadiumShared */; };
		81BA6DC5BB606A8FE878054F /* ReaderScreen.swift in Sources */ = {isa = PBXBuildFile; fileRef = D7DB524E1957EA72989E323B /* ReaderScreen.swift */; };
		974326E6DCA6C415EBF8FD04 /* LibraryView.swift in Sources */ = {isa = PBXBuildFile; fileRef = 0AAA5156AF63060BD37EEDCD /* LibraryView.swift */; };
		9A529DA62FE936B974730199 /* ReadiumNavigator in Frameworks */ = {isa = PBXBuildFile; productRef = 27DD396C2A7BCD2A90B177A2 /* ReadiumNavigator */; };
		9C5FF2FD2B2F37DA966938C2 /* Book.swift in Sources */ = {isa = PBXBuildFile; fileRef = 22983C4858E38542F0110073 /* Book.swift */; };
		A02743B9BB13B7350DF13195 /* ReaderView.swift in Sources */ = {isa = PBXBuildFile; fileRef = 0232B0B0E5C49BB913B2193D /* ReaderView.swift */; };
/* End PBXBuildFile section */

/* Begin PBXFileReference section */
		0232B0B0E5C49BB913B2193D /* ReaderView.swift */ = {isa = PBXFileReference; lastKnownFileType = sourcecode.swift; path = ReaderView.swift; sourceTree = "<group>"; };
		0AAA5156AF63060BD37EEDCD /* LibraryView.swift */ = {isa = PBXFileReference; lastKnownFileType = sourcecode.swift; path = LibraryView.swift; sourceTree = "<group>"; };
		22983C4858E38542F0110073 /* Book.swift */ = {isa = PBXFileReference; lastKnownFileType = sourcecode.swift; path = Book.swift; sourceTree = "<group>"; };
		2ED0CC09A8DB1EB43C1D88B0 /* AppearanceStore.swift */ = {isa = PBXFileReference; lastKnownFileType = sourcecode.swift; path = AppearanceStore.swift; sourceTree = "<group>"; };
		3D2EE784863C448AB586D2B1 /* EPUBReaderSpikeApp.swift */ = {isa = PBXFileReference; lastKnownFileType = sourcecode.swift; path = EPUBReaderSpikeApp.swift; sourceTree = "<group>"; };
		50645412A08DA1DC8A251D3C /* ReadiumContext.swift */ = {isa = PBXFileReference; lastKnownFileType = sourcecode.swift; path = ReadiumContext.swift; sourceTree = "<group>"; };
		7BF5D8569E17C432EC8251A1 /* LibraryStore.swift */ = {isa = PBXFileReference; lastKnownFileType = sourcecode.swift; path = LibraryStore.swift; sourceTree = "<group>"; };
		8B4AF06F7218AA4F6087217A /* EPUBReaderSpike.app */ = {isa = PBXFileReference; includeInIndex = 0; lastKnownFileType = wrapper.application; path = EPUBReaderSpike.app; sourceTree = BUILT_PRODUCTS_DIR; };
		D7DB524E1957EA72989E323B /* ReaderScreen.swift */ = {isa = PBXFileReference; lastKnownFileType = sourcecode.swift; path = ReaderScreen.swift; sourceTree = "<group>"; };
/* End PBXFileReference section */

/* Begin PBXFrameworksBuildPhase section */
		675ED2289B08D6B514736E8C /* Frameworks */ = {
			isa = PBXFrameworksBuildPhase;
			buildActionMask = 2147483647;
			files = (
				71402E0BF7E131FC6FA3B687 /* ReadiumShared in Frameworks */,
				2082825CE7ABA16C8F5DF95E /* ReadiumStreamer in Frameworks */,
				9A529DA62FE936B974730199 /* ReadiumNavigator in Frameworks */,
			);
			runOnlyForDeploymentPostprocessing = 0;
		};
/* End PBXFrameworksBuildPhase section */

/* Begin PBXGroup section */
		8ADD7F5030521F319B2F2DD1 = {
			isa = PBXGroup;
			children = (
				BBBAE216C20446CDF70D4160 /* Sources */,
				9F95E0F6AC1B3458B461E33D /* Products */,
			);
			sourceTree = "<group>";
		};
		9F95E0F6AC1B3458B461E33D /* Products */ = {
			isa = PBXGroup;
			children = (
				8B4AF06F7218AA4F6087217A /* EPUBReaderSpike.app */,
			);
			name = Products;
			sourceTree = "<group>";
		};
		BBBAE216C20446CDF70D4160 /* Sources */ = {
			isa = PBXGroup;
			children = (
				2ED0CC09A8DB1EB43C1D88B0 /* AppearanceStore.swift */,
				22983C4858E38542F0110073 /* Book.swift */,
				3D2EE784863C448AB586D2B1 /* EPUBReaderSpikeApp.swift */,
				7BF5D8569E17C432EC8251A1 /* LibraryStore.swift */,
				0AAA5156AF63060BD37EEDCD /* LibraryView.swift */,
				D7DB524E1957EA72989E323B /* ReaderScreen.swift */,
				0232B0B0E5C49BB913B2193D /* ReaderView.swift */,
				50645412A08DA1DC8A251D3C /* ReadiumContext.swift */,
			);
			name = Sources;
			path = Sources;
			sourceTree = "<group>";
		};
/* End PBXGroup section */

/* Begin PBXNativeTarget section */
		CD8613A92576EFCBC5576F35 /* EPUBReaderSpike */ = {
			isa = PBXNativeTarget;
			buildConfigurationList = 08045C0E558E7E1579865EEE /* Build configuration list for PBXNativeTarget "EPUBReaderSpike" */;
			buildPhases = (
				674EAE68B517F4E1821BD005 /* Sources */,
				675ED2289B08D6B514736E8C /* Frameworks */,
			);
			buildRules = (
			);
			dependencies = (
			);
			name = EPUBReaderSpike;
			packageProductDependencies = (
				6CD8F3588D9AE1FF567BF83F /* ReadiumShared */,
				E76C3960B2359294AE5545B5 /* ReadiumStreamer */,
				27DD396C2A7BCD2A90B177A2 /* ReadiumNavigator */,
			);
			productName = EPUBReaderSpike;
			productReference = 8B4AF06F7218AA4F6087217A /* EPUBReaderSpike.app */;
			productType = "com.apple.product-type.application";
		};
/* End PBXNativeTarget section */

/* Begin PBXProject section */
		F05A06097D9B9B14AD71CE04 /* Project object */ = {
			isa = PBXProject;
			attributes = {
				BuildIndependentTargetsInParallel = YES;
				LastUpgradeCheck = 1430;
				TargetAttributes = {
					CD8613A92576EFCBC5576F35 = {
						DevelopmentTeam = "";
						ProvisioningStyle = Automatic;
					};
				};
			};
			buildConfigurationList = 790E8D5D6991427812978873 /* Build configuration list for PBXProject "EPUBReaderSpike" */;
			developmentRegion = en;
			hasScannedForEncodings = 0;
			knownRegions = (
				Base,
				en,
			);
			mainGroup = 8ADD7F5030521F319B2F2DD1;
			minimizedProjectReferenceProxies = 1;
			packageReferences = (
				A8B4416D8C11BA922555EB32 /* XCRemoteSwiftPackageReference "swift-toolkit" */,
			);
			preferredProjectObjectVersion = 77;
			productRefGroup = 9F95E0F6AC1B3458B461E33D /* Products */;
			projectDirPath = "";
			projectRoot = "";
			targets = (
				CD8613A92576EFCBC5576F35 /* EPUBReaderSpike */,
			);
		};
/* End PBXProject section */

/* Begin PBXSourcesBuildPhase section */
		674EAE68B517F4E1821BD005 /* Sources */ = {
			isa = PBXSourcesBuildPhase;
			buildActionMask = 2147483647;
			files = (
				3A37BB7C8F2AF982BD5E257F /* AppearanceStore.swift in Sources */,
				9C5FF2FD2B2F37DA966938C2 /* Book.swift in Sources */,
				354653E0D96EDDC2FA72E83D /* EPUBReaderSpikeApp.swift in Sources */,
				017756EBC9047F48F843C415 /* LibraryStore.swift in Sources */,
				974326E6DCA6C415EBF8FD04 /* LibraryView.swift in Sources */,
				81BA6DC5BB606A8FE878054F /* ReaderScreen.swift in Sources */,
				A02743B9BB13B7350DF13195 /* ReaderView.swift in Sources */,
				4899EDC2DFBBC2C091468D8D /* ReadiumContext.swift in Sources */,
			);
			runOnlyForDeploymentPostprocessing = 0;
		};
/* End PBXSourcesBuildPhase section */

/* Begin XCBuildConfiguration section */
		1E2870DB4A3D4C1B8C9B795C /* Release */ = {
			isa = XCBuildConfiguration;
			buildSettings = {
				ALWAYS_SEARCH_USER_PATHS = NO;
				CLANG_ANALYZER_NONNULL = YES;
				CLANG_ANALYZER_NUMBER_OBJECT_CONVERSION = YES_AGGRESSIVE;
				CLANG_CXX_LANGUAGE_STANDARD = "gnu++14";
				CLANG_CXX_LIBRARY = "libc++";
				CLANG_ENABLE_MODULES = YES;
				CLANG_ENABLE_OBJC_ARC = YES;
				CLANG_ENABLE_OBJC_WEAK = YES;
				CLANG_WARN_BLOCK_CAPTURE_AUTORELEASING = YES;
				CLANG_WARN_BOOL_CONVERSION = YES;
				CLANG_WARN_COMMA = YES;
				CLANG_WARN_CONSTANT_CONVERSION = YES;
				CLANG_WARN_DEPRECATED_OBJC_IMPLEMENTATIONS = YES;
				CLANG_WARN_DIRECT_OBJC_ISA_USAGE = YES_ERROR;
				CLANG_WARN_DOCUMENTATION_COMMENTS = YES;
				CLANG_WARN_EMPTY_BODY = YES;
				CLANG_WARN_ENUM_CONVERSION = YES;
				CLANG_WARN_INFINITE_RECURSION = YES;
				CLANG_WARN_INT_CONVERSION = YES;
				CLANG_WARN_NON_LITERAL_NULL_CONVERSION = YES;
				CLANG_WARN_OBJC_IMPLICIT_RETAIN_SELF = YES;
				CLANG_WARN_OBJC_LITERAL_CONVERSION = YES;
				CLANG_WARN_OBJC_ROOT_CLASS = YES_ERROR;
				CLANG_WARN_QUOTED_INCLUDE_IN_FRAMEWORK_HEADER = YES;
				CLANG_WARN_RANGE_LOOP_ANALYSIS = YES;
				CLANG_WARN_STRICT_PROTOTYPES = YES;
				CLANG_WARN_SUSPICIOUS_MOVE = YES;
				CLANG_WARN_UNGUARDED_AVAILABILITY = YES_AGGRESSIVE;
				CLANG_WARN_UNREACHABLE_CODE = YES;
				CLANG_WARN__DUPLICATE_METHOD_MATCH = YES;
				CODE_SIGN_STYLE = Automatic;
				COPY_PHASE_STRIP = NO;
				DEBUG_INFORMATION_FORMAT = "dwarf-with-dsym";
				DEVELOPMENT_TEAM = "";
				ENABLE_NS_ASSERTIONS = NO;
				ENABLE_STRICT_OBJC_MSGSEND = YES;
				ENABLE_USER_SCRIPT_SANDBOXING = NO;
				GCC_C_LANGUAGE_STANDARD = gnu11;
				GCC_NO_COMMON_BLOCKS = YES;
				GCC_WARN_64_TO_32_BIT_CONVERSION = YES;
				GCC_WARN_ABOUT_RETURN_TYPE = YES_ERROR;
				GCC_WARN_UNDECLARED_SELECTOR = YES;
				GCC_WARN_UNINITIALIZED_AUTOS = YES_AGGRESSIVE;
				GCC_WARN_UNUSED_FUNCTION = YES;
				GCC_WARN_UNUSED_VARIABLE = YES;
				IPHONEOS_DEPLOYMENT_TARGET = 17.0;
				MTL_ENABLE_DEBUG_INFO = NO;
				MTL_FAST_MATH = YES;
				PRODUCT_NAME = "$(TARGET_NAME)";
				SDKROOT = iphoneos;
				SWIFT_COMPILATION_MODE = wholemodule;
				SWIFT_OPTIMIZATION_LEVEL = "-O";
				SWIFT_VERSION = 5.9;
				TARGETED_DEVICE_FAMILY = "1,2";
			};
			name = Release;
		};
		29F432C16326F0F72EDB6996 /* Release */ = {
			isa = XCBuildConfiguration;
			buildSettings = {
				ASSETCATALOG_COMPILER_APPICON_NAME = AppIcon;
				CODE_SIGN_IDENTITY = "iPhone Developer";
				INFOPLIST_FILE = Info.plist;
				INFOPLIST_KEY_UIApplicationSceneManifest_Generation = YES;
				INFOPLIST_KEY_UILaunchScreen_Generation = YES;
				LD_RUNPATH_SEARCH_PATHS = (
					"$(inherited)",
					"@executable_path/Frameworks",
				);
				PRODUCT_BUNDLE_IDENTIFIER = com.atani.EPUBReaderSpike;
				SDKROOT = iphoneos;
				TARGETED_DEVICE_FAMILY = "1,2";
			};
			name = Release;
		};
		950D066A06233BD8ADC41F1D /* Debug */ = {
			isa = XCBuildConfiguration;
			buildSettings = {
				ASSETCATALOG_COMPILER_APPICON_NAME = AppIcon;
				CODE_SIGN_IDENTITY = "iPhone Developer";
				INFOPLIST_FILE = Info.plist;
				INFOPLIST_KEY_UIApplicationSceneManifest_Generation = YES;
				INFOPLIST_KEY_UILaunchScreen_Generation = YES;
				LD_RUNPATH_SEARCH_PATHS = (
					"$(inherited)",
					"@executable_path/Frameworks",
				);
				PRODUCT_BUNDLE_IDENTIFIER = com.atani.EPUBReaderSpike;
				SDKROOT = iphoneos;
				TARGETED_DEVICE_FAMILY = "1,2";
			};
			name = Debug;
		};
		E550CC0ECB6BB836E20CB004 /* Debug */ = {
			isa = XCBuildConfiguration;
			buildSettings = {
				ALWAYS_SEARCH_USER_PATHS = NO;
				CLANG_ANALYZER_NONNULL = YES;
				CLANG_ANALYZER_NUMBER_OBJECT_CONVERSION = YES_AGGRESSIVE;
				CLANG_CXX_LANGUAGE_STANDARD = "gnu++14";
				CLANG_CXX_LIBRARY = "libc++";
				CLANG_ENABLE_MODULES = YES;
				CLANG_ENABLE_OBJC_ARC = YES;
				CLANG_ENABLE_OBJC_WEAK = YES;
				CLANG_WARN_BLOCK_CAPTURE_AUTORELEASING = YES;
				CLANG_WARN_BOOL_CONVERSION = YES;
				CLANG_WARN_COMMA = YES;
				CLANG_WARN_CONSTANT_CONVERSION = YES;
				CLANG_WARN_DEPRECATED_OBJC_IMPLEMENTATIONS = YES;
				CLANG_WARN_DIRECT_OBJC_ISA_USAGE = YES_ERROR;
				CLANG_WARN_DOCUMENTATION_COMMENTS = YES;
				CLANG_WARN_EMPTY_BODY = YES;
				CLANG_WARN_ENUM_CONVERSION = YES;
				CLANG_WARN_INFINITE_RECURSION = YES;
				CLANG_WARN_INT_CONVERSION = YES;
				CLANG_WARN_NON_LITERAL_NULL_CONVERSION = YES;
				CLANG_WARN_OBJC_IMPLICIT_RETAIN_SELF = YES;
				CLANG_WARN_OBJC_LITERAL_CONVERSION = YES;
				CLANG_WARN_OBJC_ROOT_CLASS = YES_ERROR;
				CLANG_WARN_QUOTED_INCLUDE_IN_FRAMEWORK_HEADER = YES;
				CLANG_WARN_RANGE_LOOP_ANALYSIS = YES;
				CLANG_WARN_STRICT_PROTOTYPES = YES;
				CLANG_WARN_SUSPICIOUS_MOVE = YES;
				CLANG_WARN_UNGUARDED_AVAILABILITY = YES_AGGRESSIVE;
				CLANG_WARN_UNREACHABLE_CODE = YES;
				CLANG_WARN__DUPLICATE_METHOD_MATCH = YES;
				CODE_SIGN_STYLE = Automatic;
				COPY_PHASE_STRIP = NO;
				DEBUG_INFORMATION_FORMAT = dwarf;
				DEVELOPMENT_TEAM = "";
				ENABLE_STRICT_OBJC_MSGSEND = YES;
				ENABLE_TESTABILITY = YES;
				ENABLE_USER_SCRIPT_SANDBOXING = NO;
				GCC_C_LANGUAGE_STANDARD = gnu11;
				GCC_DYNAMIC_NO_PIC = NO;
				GCC_NO_COMMON_BLOCKS = YES;
				GCC_OPTIMIZATION_LEVEL = 0;
				GCC_PREPROCESSOR_DEFINITIONS = (
					"$(inherited)",
					"DEBUG=1",
				);
				GCC_WARN_64_TO_32_BIT_CONVERSION = YES;
				GCC_WARN_ABOUT_RETURN_TYPE = YES_ERROR;
				GCC_WARN_UNDECLARED_SELECTOR = YES;
				GCC_WARN_UNINITIALIZED_AUTOS = YES_AGGRESSIVE;
				GCC_WARN_UNUSED_FUNCTION = YES;
				GCC_WARN_UNUSED_VARIABLE = YES;
				IPHONEOS_DEPLOYMENT_TARGET = 17.0;
				MTL_ENABLE_DEBUG_INFO = INCLUDE_SOURCE;
				MTL_FAST_MATH = YES;
				ONLY_ACTIVE_ARCH = YES;
				PRODUCT_NAME = "$(TARGET_NAME)";
				SDKROOT = iphoneos;
				SWIFT_ACTIVE_COMPILATION_CONDITIONS = DEBUG;
				SWIFT_OPTIMIZATION_LEVEL = "-Onone";
				SWIFT_VERSION = 5.9;
				TARGETED_DEVICE_FAMILY = "1,2";
			};
			name = Debug;
		};
/* End XCBuildConfiguration section */

/* Begin XCConfigurationList section */
		08045C0E558E7E1579865EEE /* Build configuration list for PBXNativeTarget "EPUBReaderSpike" */ = {
			isa = XCConfigurationList;
			buildConfigurations = (
				950D066A06233BD8ADC41F1D /* Debug */,
				29F432C16326F0F72EDB6996 /* Release */,
			);
			defaultConfigurationIsVisible = 0;
			defaultConfigurationName = Debug;
		};
		790E8D5D6991427812978873 /* Build configuration list for PBXProject "EPUBReaderSpike" */ = {
			isa = XCConfigurationList;
			buildConfigurations = (
				E550CC0ECB6BB836E20CB004 /* Debug */,
				1E2870DB4A3D4C1B8C9B795C /* Release */,
			);
			defaultConfigurationIsVisible = 0;
			defaultConfigurationName = Debug;
		};
/* End XCConfigurationList section */

/* Begin XCRemoteSwiftPackageReference section */
		A8B4416D8C11BA922555EB32 /* XCRemoteSwiftPackageReference "swift-toolkit" */ = {
			isa = XCRemoteSwiftPackageReference;
			repositoryURL = "https://github.com/readium/swift-toolkit.git";
			requirement = {
				kind = upToNextMajorVersion;
				minimumVersion = 3.0.0;
			};
		};
/* End XCRemoteSwiftPackageReference section */

/* Begin XCSwiftPackageProductDependency section */
		27DD396C2A7BCD2A90B177A2 /* ReadiumNavigator */ = {
			isa = XCSwiftPackageProductDependency;
			package = A8B4416D8C11BA922555EB32 /* XCRemoteSwiftPackageReference "swift-toolkit" */;
			productName = ReadiumNavigator;
		};
		6CD8F3588D9AE1FF567BF83F /* ReadiumShared */ = {
			isa = XCSwiftPackageProductDependency;
			package = A8B4416D8C11BA922555EB32 /* XCRemoteSwiftPackageReference "swift-toolkit" */;
			productName = ReadiumShared;
		};
		E76C3960B2359294AE5545B5 /* ReadiumStreamer */ = {
			isa = XCSwiftPackageProductDependency;
			package = A8B4416D8C11BA922555EB32 /* XCRemoteSwiftPackageReference "swift-toolkit" */;
			productName = ReadiumStreamer;
		};
/* End XCSwiftPackageProductDependency section */
	};
	rootObject = F05A06097D9B9B14AD71CE04 /* Project object */;
}
